
Microsoft Visual Studio Solution File, Format Version 12.00
# Visual Studio 15
VisualStudioVersion = 15.0.28307.852
MinimumVisualStudioVersion = 10.0.40219.1
Project("{FAE04EC0-301F-11D3-BF4B-00C04F79EFBC}") = "TheatreBookingApp", "TheatreBookingApp\TheatreBookingApp.csproj", "{8FEC16A8-3073-4A3F-85C5-57A9A5A74445}"
EndProject
Project("{FAE04EC0-301F-11D3-BF4B-00C04F79EFBC}") = "TheaterClassLibrary", "TheaterClassLibrary\TheaterClassLibrary.csproj", "{65DEB578-E73E-4DEE-91DF-9DCA33889FE8}"
EndProject
Project("{FAE04EC0-301F-11D3-BF4B-00C04F79EFBC}") = "WindowsFormsApp1", "WindowsFormsApp1\WindowsFormsApp1.csproj", "{1EFF3694-50AF-4AB6-89FB-47D45CCBED6E}"
EndProject
Global
	GlobalSection(SolutionConfigurationPlatforms) = preSolution
		Debug|Any CPU = Debug|Any CPU
		Release|Any CPU = Release|Any CPU
	EndGlobalSection
	GlobalSection(ProjectConfigurationPlatforms) = postSolution
		{8FEC16A8-3073-4A3F-85C5-57A9A5A74445}.Debug|Any CPU.ActiveCfg = Debug|Any CPU
		{8FEC16A8-3073-4A3F-85C5-57A9A5A74445}.Debug|Any CPU.Build.0 = Debug|Any CPU
		{8FEC16A8-3073-4A3F-85C5-57A9A5A74445}.Release|Any CPU.ActiveCfg = Release|Any CPU
		{8FEC16A8-3073-4A3F-85C5-57A9A5A74445}.Release|Any CPU.Build.0 = Release|Any CPU
		{65DEB578-E73E-4DEE-91DF-9DCA33889FE8}.Debug|Any CPU.ActiveCfg = Debug|Any CPU
		{65DEB578-E73E-4DEE-91DF-9DCA33889FE8}.Debug|Any CPU.Build.0 = Debug|Any CPU
		{65DEB578-E73E-4DEE-91DF-9DCA33889FE8}.Release|Any CPU.ActiveCfg = Release|Any CPU
		{65DEB578-E73E-4DEE-91DF-9DCA33889FE8}.Release|Any CPU.Build.0 = Release|Any CPU
		{1EFF3694-50AF-4AB6-89FB-47D45CCBED6E}.Debug|Any CPU.ActiveCfg = Debug|Any CPU
		{1EFF3694-50AF-4AB6-89FB-47D45CCBED6E}.Debug|Any CPU.Build.0 = Debug|Any CPU
		{1EFF3694-50AF-4AB6-89FB-47D45CCBED6E}.Release|Any CPU.ActiveCfg = Release|Any CPU
		{1EFF3694-50AF-4AB6-89FB-47D45CCBED6E}.Release|Any CPU.Build.0 = Release|Any CPU
	EndGlobalSection
	GlobalSection(SolutionProperties) = preSolution
		HideSolutionNode = FALSE
	EndGlobalSection
	GlobalSection(ExtensibilityGlobals) = postSolution
		SolutionGuid = {1C352182-C12F-45C5-A7A8-A08266C41A41}
	EndGlobalSection
EndGlobal
